Microsoft Visual Studio Solution File, Format Version 12.00
# Visual Studio Version 17
VisualStudioVersion = 17.5.2.0
MinimumVisualStudioVersion = 10.0.40219.1
Project("{2150E333-8FDC-42A3-9474-1A3956D46DE8}") = "proj", "proj", "{E0646F15-01CD-F564-1BA1-3B06AC80F086}"
EndProject
Project("{FAE04EC0-301F-11D3-BF4B-00C04F79EFBC}") = "Tsinswreng.CsStrAcc", "proj\Tsinswreng.CsStrAcc\Tsinswreng.CsStrAcc.csproj", "{A33C6F3E-5AED-B45D-6E33-CF8BDE760C06}"
EndProject
Project("{FAE04EC0-301F-11D3-BF4B-00C04F79EFBC}") = "Tsinswreng.CsStrAcc.SrcGen", "proj\Tsinswreng.CsStrAcc.SrcGen\Tsinswreng.CsStrAcc.SrcGen.csproj", "{31E04BA4-85EA-53C8-0DB9-A4AC67197358}"
EndProject
Project("{FAE04EC0-301F-11D3-BF4B-00C04F79EFBC}") = "Tsinswreng.CsStrAcc.Test", "proj\Tsinswreng.CsStrAcc.Test\Tsinswreng.CsStrAcc.Test.csproj", "{184CE5C5-C857-DA0B-E60E-74ACD3FAEFAE}"
EndProject
Global
	GlobalSection(SolutionConfigurationPlatforms) = preSolution
		Debug|Any CPU = Debug|Any CPU
		Release|Any CPU = Release|Any CPU
	EndGlobalSection
	GlobalSection(ProjectConfigurationPlatforms) = postSolution
		{A33C6F3E-5AED-B45D-6E33-CF8BDE760C06}.Debug|Any CPU.ActiveCfg = Debug|Any CPU
		{A33C6F3E-5AED-B45D-6E33-CF8BDE760C06}.Debug|Any CPU.Build.0 = Debug|Any CPU
		{A33C6F3E-5AED-B45D-6E33-CF8BDE760C06}.Release|Any CPU.ActiveCfg = Release|Any CPU
		{A33C6F3E-5AED-B45D-6E33-CF8BDE760C06}.Release|Any CPU.Build.0 = Release|Any CPU
		{31E04BA4-85EA-53C8-0DB9-A4AC67197358}.Debug|Any CPU.ActiveCfg = Debug|Any CPU
		{31E04BA4-85EA-53C8-0DB9-A4AC67197358}.Debug|Any CPU.Build.0 = Debug|Any CPU
		{31E04BA4-85EA-53C8-0DB9-A4AC67197358}.Release|Any CPU.ActiveCfg = Release|Any CPU
		{31E04BA4-85EA-53C8-0DB9-A4AC67197358}.Release|Any CPU.Build.0 = Release|Any CPU
		{184CE5C5-C857-DA0B-E60E-74ACD3FAEFAE}.Debug|Any CPU.ActiveCfg = Debug|Any CPU
		{184CE5C5-C857-DA0B-E60E-74ACD3FAEFAE}.Debug|Any CPU.Build.0 = Debug|Any CPU
		{184CE5C5-C857-DA0B-E60E-74ACD3FAEFAE}.Release|Any CPU.ActiveCfg = Release|Any CPU
		{184CE5C5-C857-DA0B-E60E-74ACD3FAEFAE}.Release|Any CPU.Build.0 = Release|Any CPU
	EndGlobalSection
	GlobalSection(SolutionProperties) = preSolution
		HideSolutionNode = FALSE
	EndGlobalSection
	GlobalSection(NestedProjects) = preSolution
		{A33C6F3E-5AED-B45D-6E33-CF8BDE760C06} = {E0646F15-01CD-F564-1BA1-3B06AC80F086}
		{31E04BA4-85EA-53C8-0DB9-A4AC67197358} = {E0646F15-01CD-F564-1BA1-3B06AC80F086}
		{184CE5C5-C857-DA0B-E60E-74ACD3FAEFAE} = {E0646F15-01CD-F564-1BA1-3B06AC80F086}
	EndGlobalSection
	GlobalSection(ExtensibilityGlobals) = postSolution
		SolutionGuid = {65DFA185-2F79-4424-AC3A-36F53A20DC84}
	EndGlobalSection
EndGlobal
